
Microsoft Visual Studio Solution File, Format Version 12.00
# Visual Studio 15
VisualStudioVersion = 15.0.28010.2036
MinimumVisualStudioVersion = 10.0.40219.1
Project("{FAE04EC0-301F-11D3-BF4B-00C04F79EFBC}") = "WebApplication3", "WebApplication3\WebApplication3.csproj", "{C2A81671-7F94-4CD3-B1B0-1BB0D7FA64F3}"
EndProject
Global
	GlobalSection(SolutionConfigurationPlatforms) = preSolution
		Debug|Any CPU = Debug|Any CPU
		Release|Any CPU = Release|Any CPU
	EndGlobalSection
	GlobalSection(ProjectConfigurationPlatforms) = postSolution
		{C2A81671-7F94-4CD3-B1B0-1BB0D7FA64F3}.Debug|Any CPU.ActiveCfg = Debug|Any CPU
		{C2A81671-7F94-4CD3-B1B0-1BB0D7FA64F3}.Debug|Any CPU.Build.0 = Debug|Any CPU
		{C2A81671-7F94-4CD3-B1B0-1BB0D7FA64F3}.Release|Any CPU.ActiveCfg = Release|Any CPU
		{C2A81671-7F94-4CD3-B1B0-1BB0D7FA64F3}.Release|Any CPU.Build.0 = Release|Any CPU
	EndGlobalSection
	GlobalSection(SolutionProperties) = preSolution
		HideSolutionNode = FALSE
	EndGlobalSection
	GlobalSection(ExtensibilityGlobals) = postSolution
		SolutionGuid = {8F1283E0-EE6C-452A-B116-DA38240132EE}
	EndGlobalSection
EndGlobal
